
Microsoft Visual Studio Solution File, Format Version 12.00
# Visual Studio 15
VisualStudioVersion = 15.0.26228.9
MinimumVisualStudioVersion = 10.0.40219.1
Project("{FAE04EC0-301F-11D3-BF4B-00C04F79EFBC}") = "PS1_l2", "PS1_l2\PS1_l2.csproj", "{35A63C66-9562-4FA8-B1F7-B09133AF96A8}"
EndProject
Project("{FAE04EC0-301F-11D3-BF4B-00C04F79EFBC}") = "PS1_l3", "PS1_l3\PS1_l3.csproj", "{8E0D6D27-9FF2-47B8-92BF-21604AB8E85F}"
EndProject
Project("{FAE04EC0-301F-11D3-BF4B-00C04F79EFBC}") = "PS1_l4-1", "PS1_l4-1\PS1_l4-1.csproj", "{2441E460-E80A-4508-A888-DC04925D5A5C}"
EndProject
Project("{FAE04EC0-301F-11D3-BF4B-00C04F79EFBC}") = "PS1_l4-2", "PS1_l4-2\PS1_l4-2.csproj", "{98BC6714-EA1B-4D94-A813-1AE14AAD6AE6}"
EndProject
Project("{FAE04EC0-301F-11D3-BF4B-00C04F79EFBC}") = "PS1_l4-3", "PS1_l4-3\PS1_l4-3.csproj", "{6B236E08-960A-4BAB-A09D-687E7E84A81A}"
EndProject
Project("{FAE04EC0-301F-11D3-BF4B-00C04F79EFBC}") = "PS1_l4-4", "PS1_l4-4\PS1_l4-4.csproj", "{FD852FFC-074B-4D81-9CED-ADDEAD425B6E}"
EndProject
Global
	GlobalSection(SolutionConfigurationPlatforms) = preSolution
		Debug|Any CPU = Debug|Any CPU
		Release|Any CPU = Release|Any CPU
	EndGlobalSection
	GlobalSection(ProjectConfigurationPlatforms) = postSolution
		{35A63C66-9562-4FA8-B1F7-B09133AF96A8}.Debug|Any CPU.ActiveCfg = Debug|Any CPU
		{35A63C66-9562-4FA8-B1F7-B09133AF96A8}.Debug|Any CPU.Build.0 = Debug|Any CPU
		{35A63C66-9562-4FA8-B1F7-B09133AF96A8}.Release|Any CPU.ActiveCfg = Release|Any CPU
		{35A63C66-9562-4FA8-B1F7-B09133AF96A8}.Release|Any CPU.Build.0 = Release|Any CPU
		{8E0D6D27-9FF2-47B8-92BF-21604AB8E85F}.Debug|Any CPU.ActiveCfg = Debug|Any CPU
		{8E0D6D27-9FF2-47B8-92BF-21604AB8E85F}.Debug|Any CPU.Build.0 = Debug|Any CPU
		{8E0D6D27-9FF2-47B8-92BF-21604AB8E85F}.Release|Any CPU.ActiveCfg = Release|Any CPU
		{8E0D6D27-9FF2-47B8-92BF-21604AB8E85F}.Release|Any CPU.Build.0 = Release|Any CPU
		{2441E460-E80A-4508-A888-DC04925D5A5C}.Debug|Any CPU.ActiveCfg = Debug|Any CPU
		{2441E460-E80A-4508-A888-DC04925D5A5C}.Debug|Any CPU.Build.0 = Debug|Any CPU
		{2441E460-E80A-4508-A888-DC04925D5A5C}.Release|Any CPU.ActiveCfg = Release|Any CPU
		{2441E460-E80A-4508-A888-DC04925D5A5C}.Release|Any CPU.Build.0 = Release|Any CPU
		{98BC6714-EA1B-4D94-A813-1AE14AAD6AE6}.Debug|Any CPU.ActiveCfg = Debug|Any CPU
		{98BC6714-EA1B-4D94-A813-1AE14AAD6AE6}.Debug|Any CPU.Build.0 = Debug|Any CPU
		{98BC6714-EA1B-4D94-A813-1AE14AAD6AE6}.Release|Any CPU.ActiveCfg = Release|Any CPU
		{98BC6714-EA1B-4D94-A813-1AE14AAD6AE6}.Release|Any CPU.Build.0 = Release|Any CPU
		{6B236E08-960A-4BAB-A09D-687E7E84A81A}.Debug|Any CPU.ActiveCfg = Debug|Any CPU
		{6B236E08-960A-4BAB-A09D-687E7E84A81A}.Debug|Any CPU.Build.0 = Debug|Any CPU
		{6B236E08-960A-4BAB-A09D-687E7E84A81A}.Release|Any CPU.ActiveCfg = Release|Any CPU
		{6B236E08-960A-4BAB-A09D-687E7E84A81A}.Release|Any CPU.Build.0 = Release|Any CPU
		{FD852FFC-074B-4D81-9CED-ADDEAD425B6E}.Debug|Any CPU.ActiveCfg = Debug|Any CPU
		{FD852FFC-074B-4D81-9CED-ADDEAD425B6E}.Debug|Any CPU.Build.0 = Debug|Any CPU
		{FD852FFC-074B-4D81-9CED-ADDEAD425B6E}.Release|Any CPU.ActiveCfg = Release|Any CPU
		{FD852FFC-074B-4D81-9CED-ADDEAD425B6E}.Release|Any CPU.Build.0 = Release|Any CPU
	EndGlobalSection
	GlobalSection(SolutionProperties) = preSolution
		HideSolutionNode = FALSE
	EndGlobalSection
EndGlobal
